// !$*UTF8*$!
{
	archiveVersion = 1;
	classes = {
	};
	objectVersion = 46;
	objects = {

/* Begin PBXBuildFile section */
		350CEF7716D39C2600329D5C /* UIKit.framework in Frameworks */ = {isa = PBXBuildFile; fileRef = 350CEF7616D39C2600329D5C /* UIKit.framework */; };
		350CEF7916D39C2600329D5C /* Foundation.framework in Frameworks */ = {isa = PBXBuildFile; fileRef = 350CEF7816D39C2600329D5C /* Foundation.framework */; };
		350CEF7B16D39C2600329D5C /* CoreGraphics.framework in Frameworks */ = {isa = PBXBuildFile; fileRef = 350CEF7A16D39C2600329D5C /* CoreGraphics.framework */; };
		350CEF8116D39C2600329D5C /* InfoPlist.strings in Resources */ = {isa = PBXBuildFile; fileRef = 350CEF7F16D39C2600329D5C /* InfoPlist.strings */; };
		350CEF8316D39C2600329D5C /* main.m in Sources */ = {isa = PBXBuildFile; fileRef = 350CEF8216D39C2600329D5C /* main.m */; };
		350CEF8716D39C2600329D5C /* AppDelegate.m in Sources */ = {isa = PBXBuildFile; fileRef = 350CEF8616D39C2600329D5C /* AppDelegate.m */; };
		350CEF8916D39C2600329D5C /* Default.png in Resources */ = {isa = PBXBuildFile; fileRef = 350CEF8816D39C2600329D5C /* Default.png */; };
		350CEF8B16D39C2600329D5C /* Default@2x.png in Resources */ = {isa = PBXBuildFile; fileRef = 350CEF8A16D39C2600329D5C /* Default@2x.png */; };
		350CEF8D16D39C2600329D5C /* Default-568h@2x.png in Resources */ = {isa = PBXBuildFile; fileRef = 350CEF8C16D39C2600329D5C /* Default-568h@2x.png */; };
		350CEF9016D39C2600329D5C /* MainStoryboard_iPhone.storyboard in Resources */ = {isa = PBXBuildFile; fileRef = 350CEF8E16D39C2600329D5C /* MainStoryboard_iPhone.storyboard */; };
		350CEF9316D39C2600329D5C /* MainStoryboard_iPad.storyboard in Resources */ = {isa = PBXBuildFile; fileRef = 350CEF9116D39C2600329D5C /* MainStoryboard_iPad.storyboard */; };
		350CEF9816D39C2600329D5C /* first.png in Resources */ = {isa = PBXBuildFile; fileRef = 350CEF9716D39C2600329D5C /* first.png */; };
		350CEF9A16D39C2600329D5C /* first@2x.png in Resources */ = {isa = PBXBuildFile; fileRef = 350CEF9916D39C2600329D5C /* first@2x.png */; };
		350CEF9F16D39C2600329D5C /* second.png in Resources */ = {isa = PBXBuildFile; fileRef = 350CEF9E16D39C2600329D5C /* second.png */; };
		350CEFA116D39C2600329D5C /* second@2x.png in Resources */ = {isa = PBXBuildFile; fileRef = 350CEFA016D39C2600329D5C /* second@2x.png */; };
		350CEFA916D39C2600329D5C /* SenTestingKit.framework in Frameworks */ = {isa = PBXBuildFile; fileRef = 350CEFA816D39C2600329D5C /* SenTestingKit.framework */; };
		350CEFAA16D39C2600329D5C /* UIKit.framework in Frameworks */ = {isa = PBXBuildFile; fileRef = 350CEF7616D39C2600329D5C /* UIKit.framework */; };
		350CEFAB16D39C2600329D5C /* Foundation.framework in Frameworks */ = {isa = PBXBuildFile; fileRef = 350CEF7816D39C2600329D5C /* Foundation.framework */; };
		350CEFB316D39C2600329D5C /* InfoPlist.strings in Resources */ = {isa = PBXBuildFile; fileRef = 350CEFB116D39C2600329D5C /* InfoPlist.strings */; };
		350CEFB616D39C2600329D5C /* Randers_FlyveklubTests.m in Sources */ = {isa = PBXBuildFile; fileRef = 350CEFB516D39C2600329D5C /* Randers_FlyveklubTests.m */; };
		355B5CEC16DE55F40040D0E2 /* AFCSVRequestOperation.m in Sources */ = {isa = PBXBuildFile; fileRef = 355B5CD416DE55F40040D0E2 /* AFCSVRequestOperation.m */; };
		355B5CED16DE55F40040D0E2 /* AFHTTPClient.m in Sources */ = {isa = PBXBuildFile; fileRef = 355B5CD716DE55F40040D0E2 /* AFHTTPClient.m */; };
		355B5CEE16DE55F40040D0E2 /* AFHTTPRequestOperation.m in Sources */ = {isa = PBXBuildFile; fileRef = 355B5CD916DE55F40040D0E2 /* AFHTTPRequestOperation.m */; };
		355B5CEF16DE55F40040D0E2 /* AFImageRequestOperation.m in Sources */ = {isa = PBXBuildFile; fileRef = 355B5CDB16DE55F40040D0E2 /* AFImageRequestOperation.m */; };
		355B5CF016DE55F40040D0E2 /* AFJSONRequestOperation.m in Sources */ = {isa = PBXBuildFile; fileRef = 355B5CDD16DE55F40040D0E2 /* AFJSONRequestOperation.m */; };
		355B5CF116DE55F40040D0E2 /* AFNetworkActivityIndicatorManager.m in Sources */ = {isa = PBXBuildFile; fileRef = 355B5CDF16DE55F40040D0E2 /* AFNetworkActivityIndicatorManager.m */; };
		355B5CF216DE55F40040D0E2 /* AFPropertyListRequestOperation.m in Sources */ = {isa = PBXBuildFile; fileRef = 355B5CE216DE55F40040D0E2 /* AFPropertyListRequestOperation.m */; };
		355B5CF316DE55F40040D0E2 /* AFURLConnectionOperation.m in Sources */ = {isa = PBXBuildFile; fileRef = 355B5CE416DE55F40040D0E2 /* AFURLConnectionOperation.m */; };
		355B5CF416DE55F40040D0E2 /* AFXMLRequestOperation.m in Sources */ = {isa = PBXBuildFile; fileRef = 355B5CE616DE55F40040D0E2 /* AFXMLRequestOperation.m */; };
		355B5CF516DE55F40040D0E2 /* UIImageView+AFNetworking.m in Sources */ = {isa = PBXBuildFile; fileRef = 355B5CE816DE55F40040D0E2 /* UIImageView+AFNetworking.m */; };
		355B5CF616DE55F40040D0E2 /* CHCSVParser.m in Sources */ = {isa = PBXBuildFile; fileRef = 355B5CEB16DE55F40040D0E2 /* CHCSVParser.m */; };
		355B5CF916DE56C80040D0E2 /* WeatherStationTableViewCell.m in Sources */ = {isa = PBXBuildFile; fileRef = 355B5CF816DE56C80040D0E2 /* WeatherStationTableViewCell.m */; };
		357F282016DCD61C001697EC /* WebViewController.m in Sources */ = {isa = PBXBuildFile; fileRef = 357F281F16DCD61C001697EC /* WebViewController.m */; };
		35824C9D16DF360600E0A8BE /* ocmapview_logo.png in Resources */ = {isa = PBXBuildFile; fileRef = 35824C9916DF360600E0A8BE /* ocmapview_logo.png */; };
		35824C9E16DF360600E0A8BE /* ocmapview_logo512x512.png in Resources */ = {isa = PBXBuildFile; fileRef = 35824C9A16DF360600E0A8BE /* ocmapview_logo512x512.png */; };
		35824C9F16DF360600E0A8BE /* ocmapview_logo@2x.png in Resources */ = {isa = PBXBuildFile; fileRef = 35824C9B16DF360600E0A8BE /* ocmapview_logo@2x.png */; };
		35824CA016DF360600E0A8BE /* ocmapview_logo~ipad.png in Resources */ = {isa = PBXBuildFile; fileRef = 35824C9C16DF360600E0A8BE /* ocmapview_logo~ipad.png */; };
		35824CAC16DF361800E0A8BE /* banana.png in Resources */ = {isa = PBXBuildFile; fileRef = 35824CA216DF361800E0A8BE /* banana.png */; };
		35824CAD16DF361800E0A8BE /* banana@2x.png in Resources */ = {isa = PBXBuildFile; fileRef = 35824CA316DF361800E0A8BE /* banana@2x.png */; };
		35824CAE16DF361800E0A8BE /* bananas.png in Resources */ = {isa = PBXBuildFile; fileRef = 35824CA416DF361800E0A8BE /* bananas.png */; };
		35824CAF16DF361800E0A8BE /* bananas@2x.png in Resources */ = {isa = PBXBuildFile; fileRef = 35824CA516DF361800E0A8BE /* bananas@2x.png */; };
		35824CB016DF361800E0A8BE /* orange.png in Resources */ = {isa = PBXBuildFile; fileRef = 35824CA616DF361800E0A8BE /* orange.png */; };
		35824CB116DF361800E0A8BE /* orange@2x.png in Resources */ = {isa = PBXBuildFile; fileRef = 35824CA716DF361800E0A8BE /* orange@2x.png */; };
		35824CB216DF361800E0A8BE /* oranges.png in Resources */ = {isa = PBXBuildFile; fileRef = 35824CA816DF361800E0A8BE /* oranges.png */; };
		35824CB316DF361800E0A8BE /* oranges@2x.png in Resources */ = {isa = PBXBuildFile; fileRef = 35824CA916DF361800E0A8BE /* oranges@2x.png */; };
		35824CB416DF361800E0A8BE /* regular.png in Resources */ = {isa = PBXBuildFile; fileRef = 35824CAA16DF361800E0A8BE /* regular.png */; };
		35824CB516DF361800E0A8BE /* regular@2x.png in Resources */ = {isa = PBXBuildFile; fileRef = 35824CAB16DF361800E0A8BE /* regular@2x.png */; };
		35824CC016DF362A00E0A8BE /* OCAlgorithms.m in Sources */ = {isa = PBXBuildFile; fileRef = 35824CB816DF362A00E0A8BE /* OCAlgorithms.m */; };
		35824CC116DF362A00E0A8BE /* OCAnnotation.m in Sources */ = {isa = PBXBuildFile; fileRef = 35824CBA16DF362A00E0A8BE /* OCAnnotation.m */; };
		35824CC216DF362A00E0A8BE /* OCDistance.m in Sources */ = {isa = PBXBuildFile; fileRef = 35824CBC16DF362A00E0A8BE /* OCDistance.m */; };
		35824CC316DF362A00E0A8BE /* OCMapView.m in Sources */ = {isa = PBXBuildFile; fileRef = 35824CBF16DF362A00E0A8BE /* OCMapView.m */; };
		358269DC16D3B35000C2F28E /* WeatherStationViewController.m in Sources */ = {isa = PBXBuildFile; fileRef = 358269DB16D3B35000C2F28E /* WeatherStationViewController.m */; };
		358269DF16D3B36B00C2F28E /* AircraftPerformancePlanningViewController.m in Sources */ = {isa = PBXBuildFile; fileRef = 358269DE16D3B36B00C2F28E /* AircraftPerformancePlanningViewController.m */; };
		358269E216D3B3A300C2F28E /* MapViewController.m in Sources */ = {isa = PBXBuildFile; fileRef = 358269E116D3B3A300C2F28E /* MapViewController.m */; };
		358269E516D3B3C700C2F28E /* ContactsViewController.m in Sources */ = {isa = PBXBuildFile; fileRef = 358269E416D3B3C700C2F28E /* ContactsViewController.m */; };
		358269E716D4C3F200C2F28E /* libsqlite3.dylib in Frameworks */ = {isa = PBXBuildFile; fileRef = 358269E616D4C3F200C2F28E /* libsqlite3.dylib */; };
		3586375716D4D3D6007C5E40 /* airfields.rdb in Resources */ = {isa = PBXBuildFile; fileRef = 3586375616D4D3D6007C5E40 /* airfields.rdb */; };
		3586375B16D4F0EB007C5E40 /* Airfield.m in Sources */ = {isa = PBXBuildFile; fileRef = 3586375A16D4F0EB007C5E40 /* Airfield.m */; };
		3586375E16D4F4C6007C5E40 /* DBDataController.m in Sources */ = {isa = PBXBuildFile; fileRef = 3586375D16D4F4C6007C5E40 /* DBDataController.m */; };
		35AFE13E16D3A4CD00FA4AE8 /* MapKit.framework in Frameworks */ = {isa = PBXBuildFile; fileRef = 35AFE13D16D3A4CC00FA4AE8 /* MapKit.framework */; };
		35AFE14016D3A54B00FA4AE8 /* CoreLocation.framework in Frameworks */ = {isa = PBXBuildFile; fileRef = 35AFE13F16D3A54B00FA4AE8 /* CoreLocation.framework */; };
/* End PBXBuildFile section */

/* Begin PBXContainerItemProxy section */
		350CEFAC16D39C2600329D5C /* PBXContainerItemProxy */ = {
			isa = PBXContainerItemProxy;
			containerPortal = 350CEF6B16D39C2600329D5C /* Project object */;
			proxyType = 1;
			remoteGlobalIDString = 350CEF7216D39C2600329D5C;
			remoteInfo = "Randers Flyveklub";
		};
/* End PBXContainerItemProxy section */

/* Begin PBXFileReference section */
		350CEF7316D39C2600329D5C /* Randers Flyveklub.app */ = {isa = PBXFileReference; explicitFileType = wrapper.application; includeInIndex = 0; path = "Randers Flyveklub.app"; sourceTree = BUILT_PRODUCTS_DIR; };
		350CEF7616D39C2600329D5C /* UIKit.framework */ = {isa = PBXFileReference; lastKnownFileType = wrapper.framework; name = UIKit.framework; path = System/Library/Frameworks/UIKit.framework; sourceTree = SDKROOT; };
		350CEF7816D39C2600329D5C /* Foundation.framework */ = {isa = PBXFileReference; lastKnownFileType = wrapper.framework; name = Foundation.framework; path = System/Library/Frameworks/Foundation.framework; sourceTree = SDKROOT; };
		350CEF7A16D39C2600329D5C /* CoreGraphics.framework */ = {isa = PBXFileReference; lastKnownFileType = wrapper.framework; name = CoreGraphics.framework; path = System/Library/Frameworks/CoreGraphics.framework; sourceTree = SDKROOT; };
		350CEF7E16D39C2600329D5C /* Randers Flyveklub-Info.plist */ = {isa = PBXFileReference; lastKnownFileType = text.plist.xml; path = "Randers Flyveklub-Info.plist"; sourceTree = "<group>"; };
		350CEF8016D39C2600329D5C /* en */ = {isa = PBXFileReference; lastKnownFileType = text.plist.strings; name = en; path = en.lproj/InfoPlist.strings; sourceTree = "<group>"; };
		350CEF8216D39C2600329D5C /* main.m */ = {isa = PBXFileReference; lastKnownFileType = sourcecode.c.objc; path = main.m; sourceTree = "<group>"; };
		350CEF8416D39C2600329D5C /* Randers Flyveklub-Prefix.pch */ = {isa = PBXFileReference; lastKnownFileType = sourcecode.c.h; path = "Randers Flyveklub-Prefix.pch"; sourceTree = "<group>"; };
		350CEF8516D39C2600329D5C /* AppDelegate.h */ = {isa = PBXFileReference; lastKnownFileType = sourcecode.c.h; path = AppDelegate.h; sourceTree = "<group>"; };
		350CEF8616D39C2600329D5C /* AppDelegate.m */ = {isa = PBXFileReference; lastKnownFileType = sourcecode.c.objc; path = AppDelegate.m; sourceTree = "<group>"; };
		350CEF8816D39C2600329D5C /* Default.png */ = {isa = PBXFileReference; lastKnownFileType = image.png; path = Default.png; sourceTree = "<group>"; };
		350CEF8A16D39C2600329D5C /* Default@2x.png */ = {isa = PBXFileReference; lastKnownFileType = image.png; path = "Default@2x.png"; sourceTree = "<group>"; };
		350CEF8C16D39C2600329D5C /* Default-568h@2x.png */ = {isa = PBXFileReference; lastKnownFileType = image.png; path = "Default-568h@2x.png"; sourceTree = "<group>"; };
		350CEF8F16D39C2600329D5C /* en */ = {isa = PBXFileReference; lastKnownFileType = file.storyboard; name = en; path = en.lproj/MainStoryboard_iPhone.storyboard; sourceTree = "<group>"; };
		350CEF9216D39C2600329D5C /* en */ = {isa = PBXFileReference; lastKnownFileType = file.storyboard; name = en; path = en.lproj/MainStoryboard_iPad.storyboard; sourceTree = "<group>"; };
		350CEF9716D39C2600329D5C /* first.png */ = {isa = PBXFileReference; lastKnownFileType = image.png; path = first.png; sourceTree = "<group>"; };
		350CEF9916D39C2600329D5C /* first@2x.png */ = {isa = PBXFileReference; lastKnownFileType = image.png; path = "first@2x.png"; sourceTree = "<group>"; };
		350CEF9E16D39C2600329D5C /* second.png */ = {isa = PBXFileReference; lastKnownFileType = image.png; path = second.png; sourceTree = "<group>"; };
		350CEFA016D39C2600329D5C /* second@2x.png */ = {isa = PBXFileReference; lastKnownFileType = image.png; path = "second@2x.png"; sourceTree = "<group>"; };
		350CEFA716D39C2600329D5C /* Randers FlyveklubTests.octest */ = {isa = PBXFileReference; explicitFileType = wrapper.cfbundle; includeInIndex = 0; path = "Randers FlyveklubTests.octest"; sourceTree = BUILT_PRODUCTS_DIR; };
		350CEFA816D39C2600329D5C /* SenTestingKit.framework */ = {isa = PBXFileReference; lastKnownFileType = wrapper.framework; name = SenTestingKit.framework; path = Library/Frameworks/SenTestingKit.framework; sourceTree = DEVELOPER_DIR; };
		350CEFB016D39C2600329D5C /* Randers FlyveklubTests-Info.plist */ = {isa = PBXFileReference; lastKnownFileType = text.plist.xml; path = "Randers FlyveklubTests-Info.plist"; sourceTree = "<group>"; };
		350CEFB216D39C2600329D5C /* en */ = {isa = PBXFileReference; lastKnownFileType = text.plist.strings; name = en; path = en.lproj/InfoPlist.strings; sourceTree = "<group>"; };
		350CEFB416D39C2600329D5C /* Randers_FlyveklubTests.h */ = {isa = PBXFileReference; lastKnownFileType = sourcecode.c.h; path = Randers_FlyveklubTests.h; sourceTree = "<group>"; };
		350CEFB516D39C2600329D5C /* Randers_FlyveklubTests.m */ = {isa = PBXFileReference; lastKnownFileType = sourcecode.c.objc; path = Randers_FlyveklubTests.m; sourceTree = "<group>"; };
		355B5CD316DE55F40040D0E2 /* AFCSVRequestOperation.h */ = {isa = PBXFileReference; fileEncoding = 4; lastKnownFileType = sourcecode.c.h; path = AFCSVRequestOperation.h; sourceTree = "<group>"; };
		355B5CD416DE55F40040D0E2 /* AFCSVRequestOperation.m */ = {isa = PBXFileReference; fileEncoding = 4; lastKnownFileType = sourcecode.c.objc; path = AFCSVRequestOperation.m; sourceTree = "<group>"; };
		355B5CD616DE55F40040D0E2 /* AFHTTPClient.h */ = {isa = PBXFileReference; fileEncoding = 4; lastKnownFileType = sourcecode.c.h; path = AFHTTPClient.h; sourceTree = "<group>"; };
		355B5CD716DE55F40040D0E2 /* AFHTTPClient.m */ = {isa = PBXFileReference; fileEncoding = 4; lastKnownFileType = sourcecode.c.objc; path = AFHTTPClient.m; sourceTree = "<group>"; };
		355B5CD816DE55F40040D0E2 /* AFHTTPRequestOperation.h */ = {isa = PBXFileReference; fileEncoding = 4; lastKnownFileType = sourcecode.c.h; path = AFHTTPRequestOperation.h; sourceTree = "<group>"; };
		355B5CD916DE55F40040D0E2 /* AFHTTPRequestOperation.m */ = {isa = PBXFileReference; fileEncoding = 4; lastKnownFileType = sourcecode.c.objc; path = AFHTTPRequestOperation.m; sourceTree = "<group>"; };
		355B5CDA16DE55F40040D0E2 /* AFImageRequestOperation.h */ = {isa = PBXFileReference; fileEncoding = 4; lastKnownFileType = sourcecode.c.h; path = AFImageRequestOperation.h; sourceTree = "<group>"; };
		355B5CDB16DE55F40040D0E2 /* AFImageRequestOperation.m */ = {isa = PBXFileReference; fileEncoding = 4; lastKnownFileType = sourcecode.c.objc; path = AFImageRequestOperation.m; sourceTree = "<group>"; };
		355B5CDC16DE55F40040D0E2 /* AFJSONRequestOperation.h */ = {isa = PBXFileReference; fileEncoding = 4; lastKnownFileType = sourcecode.c.h; path = AFJSONRequestOperation.h; sourceTree = "<group>"; };
		355B5CDD16DE55F40040D0E2 /* AFJSONRequestOperation.m */ = {isa = PBXFileReference; fileEncoding = 4; lastKnownFileType = sourcecode.c.objc; path = AFJSONRequestOperation.m; sourceTree = "<group>"; };
		355B5CDE16DE55F40040D0E2 /* AFNetworkActivityIndicatorManager.h */ = {isa = PBXFileReference; fileEncoding = 4; lastKnownFileType = sourcecode.c.h; path = AFNetworkActivityIndicatorManager.h; sourceTree = "<group>"; };
		355B5CDF16DE55F40040D0E2 /* AFNetworkActivityIndicatorManager.m */ = {isa = PBXFileReference; fileEncoding = 4; lastKnownFileType = sourcecode.c.objc; path = AFNetworkActivityIndicatorManager.m; sourceTree = "<group>"; };
		355B5CE016DE55F40040D0E2 /* AFNetworking.h */ = {isa = PBXFileReference; fileEncoding = 4; lastKnownFileType = sourcecode.c.h; path = AFNetworking.h; sourceTree = "<group>"; };
		355B5CE116DE55F40040D0E2 /* AFPropertyListRequestOperation.h */ = {isa = PBXFileReference; fileEncoding = 4; lastKnownFileType = sourcecode.c.h; path = AFPropertyListRequestOperation.h; sourceTree = "<group>"; };
		355B5CE216DE55F40040D0E2 /* AFPropertyListRequestOperation.m */ = {isa = PBXFileReference; fileEncoding = 4; lastKnownFileType = sourcecode.c.objc; path = AFPropertyListRequestOperation.m; sourceTree = "<group>"; };
		355B5CE316DE55F40040D0E2 /* AFURLConnectionOperation.h */ = {isa = PBXFileReference; fileEncoding = 4; lastKnownFileType = sourcecode.c.h; path = AFURLConnectionOperation.h; sourceTree = "<group>"; };
		355B5CE416DE55F40040D0E2 /* AFURLConnectionOperation.m */ = {isa = PBXFileReference; fileEncoding = 4; lastKnownFileType = sourcecode.c.objc; path = AFURLConnectionOperation.m; sourceTree = "<group>"; };
		355B5CE516DE55F40040D0E2 /* AFXMLRequestOperation.h */ = {isa = PBXFileReference; fileEncoding = 4; lastKnownFileType = sourcecode.c.h; path = AFXMLRequestOperation.h; sourceTree = "<group>"; };
		355B5CE616DE55F40040D0E2 /* AFXMLRequestOperation.m */ = {isa = PBXFileReference; fileEncoding = 4; lastKnownFileType = sourcecode.c.objc; path = AFXMLRequestOperation.m; sourceTree = "<group>"; };
		355B5CE716DE55F40040D0E2 /* UIImageView+AFNetworking.h */ = {isa = PBXFileReference; fileEncoding = 4; lastKnownFileType = sourcecode.c.h; path = "UIImageView+AFNetworking.h"; sourceTree = "<group>"; };
		355B5CE816DE55F40040D0E2 /* UIImageView+AFNetworking.m */ = {isa = PBXFileReference; fileEncoding = 4; lastKnownFileType = sourcecode.c.objc; path = "UIImageView+AFNetworking.m"; sourceTree = "<group>"; };
		355B5CEA16DE55F40040D0E2 /* CHCSVParser.h */ = {isa = PBXFileReference; fileEncoding = 4; lastKnownFileType = sourcecode.c.h; path = CHCSVParser.h; sourceTree = "<group>"; };
		355B5CEB16DE55F40040D0E2 /* CHCSVParser.m */ = {isa = PBXFileReference; fileEncoding = 4; lastKnownFileType = sourcecode.c.objc; path = CHCSVParser.m; sourceTree = "<group>"; };
		355B5CF716DE56C80040D0E2 /* WeatherStationTableViewCell.h */ = {isa = PBXFileReference; fileEncoding = 4; lastKnownFileType = sourcecode.c.h; path = WeatherStationTableViewCell.h; sourceTree = "<group>"; };
		355B5CF816DE56C80040D0E2 /* WeatherStationTableViewCell.m */ = {isa = PBXFileReference; fileEncoding = 4; lastKnownFileType = sourcecode.c.objc; path = WeatherStationTableViewCell.m; sourceTree = "<group>"; };
		357F281E16DCD61C001697EC /* WebViewController.h */ = {isa = PBXFileReference; fileEncoding = 4; lastKnownFileType = sourcecode.c.h; path = WebViewController.h; sourceTree = "<group>"; };
		357F281F16DCD61C001697EC /* WebViewController.m */ = {isa = PBXFileReference; fileEncoding = 4; lastKnownFileType = sourcecode.c.objc; path = WebViewController.m; sourceTree = "<group>"; };
		35824C9916DF360600E0A8BE /* ocmapview_logo.png */ = {isa = PBXFileReference; lastKnownFileType = image.png; path = ocmapview_logo.png; sourceTree = "<group>"; };
		35824C9A16DF360600E0A8BE /* ocmapview_logo512x512.png */ = {isa = PBXFileReference; lastKnownFileType = image.png; path = ocmapview_logo512x512.png; sourceTree = "<group>"; };
		35824C9B16DF360600E0A8BE /* ocmapview_logo@2x.png */ = {isa = PBXFileReference; lastKnownFileType = image.png; path = "ocmapview_logo@2x.png"; sourceTree = "<group>"; };
		35824C9C16DF360600E0A8BE /* ocmapview_logo~ipad.png */ = {isa = PBXFileReference; lastKnownFileType = image.png; path = "ocmapview_logo~ipad.png"; sourceTree = "<group>"; };
		35824CA216DF361800E0A8BE /* banana.png */ = {isa = PBXFileReference; lastKnownFileType = image.png; path = banana.png; sourceTree = "<group>"; };
		35824CA316DF361800E0A8BE /* banana@2x.png */ = {isa = PBXFileReference; lastKnownFileType = image.png; path = "banana@2x.png"; sourceTree = "<group>"; };
		35824CA416DF361800E0A8BE /* bananas.png */ = {isa = PBXFileReference; lastKnownFileType = image.png; path = bananas.png; sourceTree = "<group>"; };
		35824CA516DF361800E0A8BE /* bananas@2x.png */ = {isa = PBXFileReference; lastKnownFileType = image.png; path = "bananas@2x.png"; sourceTree = "<group>"; };
		35824CA616DF361800E0A8BE /* orange.png */ = {isa = PBXFileReference; lastKnownFileType = image.png; path = orange.png; sourceTree = "<group>"; };
		35824CA716DF361800E0A8BE /* orange@2x.png */ = {isa = PBXFileReference; lastKnownFileType = image.png; path = "orange@2x.png"; sourceTree = "<group>"; };
		35824CA816DF361800E0A8BE /* oranges.png */ = {isa = PBXFileReference; lastKnownFileType = image.png; path = oranges.png; sourceTree = "<group>"; };
		35824CA916DF361800E0A8BE /* oranges@2x.png */ = {isa = PBXFileReference; lastKnownFileType = image.png; path = "oranges@2x.png"; sourceTree = "<group>"; };
		35824CAA16DF361800E0A8BE /* regular.png */ = {isa = PBXFileReference; lastKnownFileType = image.png; path = regular.png; sourceTree = "<group>"; };
		35824CAB16DF361800E0A8BE /* regular@2x.png */ = {isa = PBXFileReference; lastKnownFileType = image.png; path = "regular@2x.png"; sourceTree = "<group>"; };
		35824CB716DF362A00E0A8BE /* OCAlgorithms.h */ = {isa = PBXFileReference; fileEncoding = 4; lastKnownFileType = sourcecode.c.h; path = OCAlgorithms.h; sourceTree = "<group>"; };
		35824CB816DF362A00E0A8BE /* OCAlgorithms.m */ = {isa = PBXFileReference; fileEncoding = 4; lastKnownFileType = sourcecode.c.objc; path = OCAlgorithms.m; sourceTree = "<group>"; };
		35824CB916DF362A00E0A8BE /* OCAnnotation.h */ = {isa = PBXFileReference; fileEncoding = 4; lastKnownFileType = sourcecode.c.h; path = OCAnnotation.h; sourceTree = "<group>"; };
		35824CBA16DF362A00E0A8BE /* OCAnnotation.m */ = {isa = PBXFileReference; fileEncoding = 4; lastKnownFileType = sourcecode.c.objc; path = OCAnnotation.m; sourceTree = "<group>"; };
		35824CBB16DF362A00E0A8BE /* OCDistance.h */ = {isa = PBXFileReference; fileEncoding = 4; lastKnownFileType = sourcecode.c.h; path = OCDistance.h; sourceTree = "<group>"; };
		35824CBC16DF362A00E0A8BE /* OCDistance.m */ = {isa = PBXFileReference; fileEncoding = 4; lastKnownFileType = sourcecode.c.objc; path = OCDistance.m; sourceTree = "<group>"; };
		35824CBD16DF362A00E0A8BE /* OCGrouping.h */ = {isa = PBXFileReference; fileEncoding = 4; lastKnownFileType = sourcecode.c.h; path = OCGrouping.h; sourceTree = "<group>"; };
		35824CBE16DF362A00E0A8BE /* OCMapView.h */ = {isa = PBXFileReference; fileEncoding = 4; lastKnownFileType = sourcecode.c.h; path = OCMapView.h; sourceTree = "<group>"; };
		35824CBF16DF362A00E0A8BE /* OCMapView.m */ = {isa = PBXFileReference; fileEncoding = 4; lastKnownFileType = sourcecode.c.objc; path = OCMapView.m; sourceTree = "<group>"; };
		358269DA16D3B35000C2F28E /* WeatherStationViewController.h */ = {isa = PBXFileReference; fileEncoding = 4; lastKnownFileType = sourcecode.c.h; path = WeatherStationViewController.h; sourceTree = "<group>"; };
		358269DB16D3B35000C2F28E /* WeatherStationViewController.m */ = {isa = PBXFileReference; fileEncoding = 4; lastKnownFileType = sourcecode.c.objc; path = WeatherStationViewController.m; sourceTree = "<group>"; };
		358269DD16D3B36B00C2F28E /* AircraftPerformancePlanningViewController.h */ = {isa = PBXFileReference; fileEncoding = 4; lastKnownFileType = sourcecode.c.h; path = AircraftPerformancePlanningViewController.h; sourceTree = "<group>"; };
		358269DE16D3B36B00C2F28E /* AircraftPerformancePlanningViewController.m */ = {isa = PBXFileReference; fileEncoding = 4; lastKnownFileType = sourcecode.c.objc; path = AircraftPerformancePlanningViewController.m; sourceTree = "<group>"; };
		358269E016D3B3A300C2F28E /* MapViewController.h */ = {isa = PBXFileReference; fileEncoding = 4; lastKnownFileType = sourcecode.c.h; path = MapViewController.h; sourceTree = "<group>"; };
		358269E116D3B3A300C2F28E /* MapViewController.m */ = {isa = PBXFileReference; fileEncoding = 4; lastKnownFileType = sourcecode.c.objc; path = MapViewController.m; sourceTree = "<group>"; };
		358269E316D3B3C700C2F28E /* ContactsViewController.h */ = {isa = PBXFileReference; fileEncoding = 4; lastKnownFileType = sourcecode.c.h; path = ContactsViewController.h; sourceTree = "<group>"; };
		358269E416D3B3C700C2F28E /* ContactsViewController.m */ = {isa = PBXFileReference; fileEncoding = 4; lastKnownFileType = sourcecode.c.objc; path = ContactsViewController.m; sourceTree = "<group>"; };
		358269E616D4C3F200C2F28E /* libsqlite3.dylib */ = {isa = PBXFileReference; lastKnownFileType = "compiled.mach-o.dylib"; name = libsqlite3.dylib; path = usr/lib/libsqlite3.dylib; sourceTree = SDKROOT; };
		3586375616D4D3D6007C5E40 /* airfields.rdb */ = {isa = PBXFileReference; lastKnownFileType = file; path = airfields.rdb; sourceTree = "<group>"; };
		3586375916D4F0EB007C5E40 /* Airfield.h */ = {isa = PBXFileReference; fileEncoding = 4; lastKnownFileType = sourcecode.c.h; path = Airfield.h; sourceTree = "<group>"; };
		3586375A16D4F0EB007C5E40 /* Airfield.m */ = {isa = PBXFileReference; fileEncoding = 4; lastKnownFileType = sourcecode.c.objc; path = Airfield.m; sourceTree = "<group>"; };
		3586375C16D4F4C6007C5E40 /* DBDataController.h */ = {isa = PBXFileReference; fileEncoding = 4; lastKnownFileType = sourcecode.c.h; path = DBDataController.h; sourceTree = "<group>"; };
		3586375D16D4F4C6007C5E40 /* DBDataController.m */ = {isa = PBXFileReference; fileEncoding = 4; lastKnownFileType = sourcecode.c.objc; path = DBDataController.m; sourceTree = "<group>"; };
		3586375F16D4F55F007C5E40 /* DataControllerDelegate.h */ = {isa = PBXFileReference; lastKnownFileType = sourcecode.c.h; path = DataControllerDelegate.h; sourceTree = "<group>"; };
		35AFE13D16D3A4CC00FA4AE8 /* MapKit.framework */ = {isa = PBXFileReference; lastKnownFileType = wrapper.framework; name = MapKit.framework; path = System/Library/Frameworks/MapKit.framework; sourceTree = SDKROOT; };
		35AFE13F16D3A54B00FA4AE8 /* CoreLocation.framework */ = {isa = PBXFileReference; lastKnownFileType = wrapper.framework; name = CoreLocation.framework; path = System/Library/Frameworks/CoreLocation.framework; sourceTree = SDKROOT; };
/* End PBXFileReference section */

/* Begin PBXFrameworksBuildPhase section */
		350CEF7016D39C2600329D5C /* Frameworks */ = {
			isa = PBXFrameworksBuildPhase;
			buildActionMask = 2147483647;
			files = (
				358269E716D4C3F200C2F28E /* libsqlite3.dylib in Frameworks */,
				35AFE14016D3A54B00FA4AE8 /* CoreLocation.framework in Frameworks */,
				35AFE13E16D3A4CD00FA4AE8 /* MapKit.framework in Frameworks */,
				350CEF7716D39C2600329D5C /* UIKit.framework in Frameworks */,
				350CEF7916D39C2600329D5C /* Foundation.framework in Frameworks */,
				350CEF7B16D39C2600329D5C /* CoreGraphics.framework in Frameworks */,
			);
			runOnlyForDeploymentPostprocessing = 0;
		};
		350CEFA316D39C2600329D5C /* Frameworks */ = {
			isa = PBXFrameworksBuildPhase;
			buildActionMask = 2147483647;
			files = (
				350CEFA916D39C2600329D5C /* SenTestingKit.framework in Frameworks */,
				350CEFAA16D39C2600329D5C /* UIKit.framework in Frameworks */,
				350CEFAB16D39C2600329D5C /* Foundation.framework in Frameworks */,
			);
			runOnlyForDeploymentPostprocessing = 0;
		};
/* End PBXFrameworksBuildPhase section */

/* Begin PBXGroup section */
		350CEF6A16D39C2600329D5C = {
			isa = PBXGroup;
			children = (
				358269E616D4C3F200C2F28E /* libsqlite3.dylib */,
				350CEF7C16D39C2600329D5C /* Randers Flyveklub */,
				350CEFAE16D39C2600329D5C /* Randers FlyveklubTests */,
				350CEF7516D39C2600329D5C /* Frameworks */,
				350CEF7416D39C2600329D5C /* Products */,
			);
			sourceTree = "<group>";
		};
		350CEF7416D39C2600329D5C /* Products */ = {
			isa = PBXGroup;
			children = (
				350CEF7316D39C2600329D5C /* Randers Flyveklub.app */,
				350CEFA716D39C2600329D5C /* Randers FlyveklubTests.octest */,
			);
			name = Products;
			sourceTree = "<group>";
		};
		350CEF7516D39C2600329D5C /* Frameworks */ = {
			isa = PBXGroup;
			children = (
				355B5CD216DE55F40040D0E2 /* AFCSVRequestOperation */,
				355B5CD516DE55F40040D0E2 /* AFNetworking */,
				355B5CE916DE55F40040D0E2 /* CHCSVParser */,
				35AFE13F16D3A54B00FA4AE8 /* CoreLocation.framework */,
				35AFE13D16D3A4CC00FA4AE8 /* MapKit.framework */,
				350CEF7616D39C2600329D5C /* UIKit.framework */,
				350CEF7816D39C2600329D5C /* Foundation.framework */,
				350CEF7A16D39C2600329D5C /* CoreGraphics.framework */,
				350CEFA816D39C2600329D5C /* SenTestingKit.framework */,
			);
			name = Frameworks;
			sourceTree = "<group>";
		};
		350CEF7C16D39C2600329D5C /* Randers Flyveklub */ = {
			isa = PBXGroup;
			children = (
				358269D616D3B24E00C2F28E /* Aircraft Performance Planning */,
				358269D516D3B24400C2F28E /* Weather Station */,
				358269D416D3B23E00C2F28E /* Links */,
				358269D316D3B22E00C2F28E /* Contacts */,
				35AFE14116D3A74B00FA4AE8 /* Map */,
				350CEF8516D39C2600329D5C /* AppDelegate.h */,
				350CEF8616D39C2600329D5C /* AppDelegate.m */,
				350CEF8E16D39C2600329D5C /* MainStoryboard_iPhone.storyboard */,
				350CEF9116D39C2600329D5C /* MainStoryboard_iPad.storyboard */,
				350CEF7D16D39C2600329D5C /* Supporting Files */,
			);
			path = "Randers Flyveklub";
			sourceTree = "<group>";
		};
		350CEF7D16D39C2600329D5C /* Supporting Files */ = {
			isa = PBXGroup;
			children = (
				35824CA116DF361800E0A8BE /* sample_pins */,
				35824C9816DF360600E0A8BE /* Logo */,
				3586375616D4D3D6007C5E40 /* airfields.rdb */,
				350CEF9716D39C2600329D5C /* first.png */,
				350CEF9916D39C2600329D5C /* first@2x.png */,
				350CEF9E16D39C2600329D5C /* second.png */,
				350CEFA016D39C2600329D5C /* second@2x.png */,
				350CEF7E16D39C2600329D5C /* Randers Flyveklub-Info.plist */,
				350CEF7F16D39C2600329D5C /* InfoPlist.strings */,
				350CEF8216D39C2600329D5C /* main.m */,
				350CEF8416D39C2600329D5C /* Randers Flyveklub-Prefix.pch */,
				350CEF8816D39C2600329D5C /* Default.png */,
				350CEF8A16D39C2600329D5C /* Default@2x.png */,
				350CEF8C16D39C2600329D5C /* Default-568h@2x.png */,
				3586375C16D4F4C6007C5E40 /* DBDataController.h */,
				3586375D16D4F4C6007C5E40 /* DBDataController.m */,
				3586375F16D4F55F007C5E40 /* DataControllerDelegate.h */,
			);
			name = "Supporting Files";
			sourceTree = "<group>";
		};
		350CEFAE16D39C2600329D5C /* Randers FlyveklubTests */ = {
			isa = PBXGroup;
			children = (
				350CEFB416D39C2600329D5C /* Randers_FlyveklubTests.h */,
				350CEFB516D39C2600329D5C /* Randers_FlyveklubTests.m */,
				350CEFAF16D39C2600329D5C /* Supporting Files */,
			);
			path = "Randers FlyveklubTests";
			sourceTree = "<group>";
		};
		350CEFAF16D39C2600329D5C /* Supporting Files */ = {
			isa = PBXGroup;
			children = (
				350CEFB016D39C2600329D5C /* Randers FlyveklubTests-Info.plist */,
				350CEFB116D39C2600329D5C /* InfoPlist.strings */,
			);
			name = "Supporting Files";
			sourceTree = "<group>";
		};
		355B5CD216DE55F40040D0E2 /* AFCSVRequestOperation */ = {
			isa = PBXGroup;
			children = (
				355B5CD316DE55F40040D0E2 /* AFCSVRequestOperation.h */,
				355B5CD416DE55F40040D0E2 /* AFCSVRequestOperation.m */,
			);
			path = AFCSVRequestOperation;
			sourceTree = "<group>";
		};
		355B5CD516DE55F40040D0E2 /* AFNetworking */ = {
			isa = PBXGroup;
			children = (
				355B5CD616DE55F40040D0E2 /* AFHTTPClient.h */,
				355B5CD716DE55F40040D0E2 /* AFHTTPClient.m */,
				355B5CD816DE55F40040D0E2 /* AFHTTPRequestOperation.h */,
				355B5CD916DE55F40040D0E2 /* AFHTTPRequestOperation.m */,
				355B5CDA16DE55F40040D0E2 /* AFImageRequestOperation.h */,
				355B5CDB16DE55F40040D0E2 /* AFImageRequestOperation.m */,
				355B5CDC16DE55F40040D0E2 /* AFJSONRequestOperation.h */,
				355B5CDD16DE55F40040D0E2 /* AFJSONRequestOperation.m */,
				355B5CDE16DE55F40040D0E2 /* AFNetworkActivityIndicatorManager.h */,
				355B5CDF16DE55F40040D0E2 /* AFNetworkActivityIndicatorManager.m */,
				355B5CE016DE55F40040D0E2 /* AFNetworking.h */,
				355B5CE116DE55F40040D0E2 /* AFPropertyListRequestOperation.h */,
				355B5CE216DE55F40040D0E2 /* AFPropertyListRequestOperation.m */,
				355B5CE316DE55F40040D0E2 /* AFURLConnectionOperation.h */,
				355B5CE416DE55F40040D0E2 /* AFURLConnectionOperation.m */,
				355B5CE516DE55F40040D0E2 /* AFXMLRequestOperation.h */,
				355B5CE616DE55F40040D0E2 /* AFXMLRequestOperation.m */,
				355B5CE716DE55F40040D0E2 /* UIImageView+AFNetworking.h */,
				355B5CE816DE55F40040D0E2 /* UIImageView+AFNetworking.m */,
			);
			path = AFNetworking;
			sourceTree = "<group>";
		};
		355B5CE916DE55F40040D0E2 /* CHCSVParser */ = {
			isa = PBXGroup;
			children = (
				355B5CEA16DE55F40040D0E2 /* CHCSVParser.h */,
				355B5CEB16DE55F40040D0E2 /* CHCSVParser.m */,
			);
			path = CHCSVParser;
			sourceTree = "<group>";
		};
		358269D316D3B22E00C2F28E /* Contacts */ = {
			isa = PBXGroup;
			children = (
				358269E316D3B3C700C2F28E /* ContactsViewController.h */,
				358269E416D3B3C700C2F28E /* ContactsViewController.m */,
			);
			name = Contacts;
			sourceTree = "<group>";
		};
		358269D416D3B23E00C2F28E /* Links */ = {
			isa = PBXGroup;
			children = (
				357F281E16DCD61C001697EC /* WebViewController.h */,
				357F281F16DCD61C001697EC /* WebViewController.m */,
			);
			name = Links;
			sourceTree = "<group>";
		};
		358269D516D3B24400C2F28E /* Weather Station */ = {
			isa = PBXGroup;
			children = (
				355B5CF716DE56C80040D0E2 /* WeatherStationTableViewCell.h */,
				355B5CF816DE56C80040D0E2 /* WeatherStationTableViewCell.m */,
				358269DA16D3B35000C2F28E /* WeatherStationViewController.h */,
				358269DB16D3B35000C2F28E /* WeatherStationViewController.m */,
			);
			name = "Weather Station";
			sourceTree = "<group>";
		};
		358269D616D3B24E00C2F28E /* Aircraft Performance Planning */ = {
			isa = PBXGroup;
			children = (
				358269DD16D3B36B00C2F28E /* AircraftPerformancePlanningViewController.h */,
				358269DE16D3B36B00C2F28E /* AircraftPerformancePlanningViewController.m */,
			);
			name = "Aircraft Performance Planning";
			sourceTree = "<group>";
		};
		35AFE14116D3A74B00FA4AE8 /* Map */ = {
			isa = PBXGroup;
			children = (
				3586375916D4F0EB007C5E40 /* Airfield.h */,
				3586375A16D4F0EB007C5E40 /* Airfield.m */,
				358269E016D3B3A300C2F28E /* MapViewController.h */,
				358269E116D3B3A300C2F28E /* MapViewController.m */,
			);
			name = Map;
			sourceTree = "<group>";
		};
/* End PBXGroup section */

/* Begin PBXNativeTarget section */
		350CEF7216D39C2600329D5C /* Randers Flyveklub */ = {
			isa = PBXNativeTarget;
			buildConfigurationList = 350CEFB916D39C2600329D5C /* Build configuration list for PBXNativeTarget "Randers Flyveklub" */;
			buildPhases = (
				350CEF6F16D39C2600329D5C /* Sources */,
				350CEF7016D39C2600329D5C /* Frameworks */,
				350CEF7116D39C2600329D5C /* Resources */,
			);
			buildRules = (
			);
			dependencies = (
			);
			name = "Randers Flyveklub";
			productName = "Randers Flyveklub";
			productReference = 350CEF7316D39C2600329D5C /* Randers Flyveklub.app */;
			productType = "com.apple.product-type.application";
		};
		350CEFA616D39C2600329D5C /* Randers FlyveklubTests */ = {
			isa = PBXNativeTarget;
			buildConfigurationList = 350CEFBC16D39C2600329D5C /* Build configuration list for PBXNativeTarget "Randers FlyveklubTests" */;
			buildPhases = (
				350CEFA216D39C2600329D5C /* Sources */,
				350CEFA316D39C2600329D5C /* Frameworks */,
				350CEFA416D39C2600329D5C /* Resources */,
				350CEFA516D39C2600329D5C /* ShellScript */,
			);
			buildRules = (
			);
			dependencies = (
				350CEFAD16D39C2600329D5C /* PBXTargetDependency */,
			);
			name = "Randers FlyveklubTests";
			productName = "Randers FlyveklubTests";
			productReference = 350CEFA716D39C2600329D5C /* Randers FlyveklubTests.octest */;
			productType = "com.apple.product-type.bundle";
		};
/* End PBXNativeTarget section */

/* Begin PBXProject section */
		350CEF6B16D39C2600329D5C /* Project object */ = {
			isa = PBXProject;
			attributes = {
				LastUpgradeCheck = 0460;
				ORGANIZATIONNAME = "Nestea & Bo Fucking Jensen";
			};
			buildConfigurationList = 350CEF6E16D39C2600329D5C /* Build configuration list for PBXProject "Randers Flyveklub" */;
			compatibilityVersion = "Xcode 3.2";
			developmentRegion = English;
			hasScannedForEncodings = 0;
			knownRegions = (
				en,
			);
			mainGroup = 350CEF6A16D39C2600329D5C;
			productRefGroup = 350CEF7416D39C2600329D5C /* Products */;
			projectDirPath = "";
			projectRoot = "";
			targets = (
				350CEF7216D39C2600329D5C /* Randers Flyveklub */,
				350CEFA616D39C2600329D5C /* Randers FlyveklubTests */,
			);
		};
/* End PBXProject section */

/* Begin PBXResourcesBuildPhase section */
		350CEF7116D39C2600329D5C /* Resources */ = {
			isa = PBXResourcesBuildPhase;
			buildActionMask = 2147483647;
			files = (
				350CEF8116D39C2600329D5C /* InfoPlist.strings in Resources */,
				350CEF8916D39C2600329D5C /* Default.png in Resources */,
				350CEF8B16D39C2600329D5C /* Default@2x.png in Resources */,
				350CEF8D16D39C2600329D5C /* Default-568h@2x.png in Resources */,
				350CEF9016D39C2600329D5C /* MainStoryboard_iPhone.storyboard in Resources */,
				350CEF9316D39C2600329D5C /* MainStoryboard_iPad.storyboard in Resources */,
				350CEF9816D39C2600329D5C /* first.png in Resources */,
				350CEF9A16D39C2600329D5C /* first@2x.png in Resources */,
				350CEF9F16D39C2600329D5C /* second.png in Resources */,
				350CEFA116D39C2600329D5C /* second@2x.png in Resources */,
				3586375716D4D3D6007C5E40 /* airfields.rdb in Resources */,
				35824C9D16DF360600E0A8BE /* ocmapview_logo.png in Resources */,
				35824C9E16DF360600E0A8BE /* ocmapview_logo512x512.png in Resources */,
				35824C9F16DF360600E0A8BE /* ocmapview_logo@2x.png in Resources */,
				35824CA016DF360600E0A8BE /* ocmapview_logo~ipad.png in Resources */,
				35824CAC16DF361800E0A8BE /* banana.png in Resources */,
				35824CAD16DF361800E0A8BE /* banana@2x.png in Resources */,
				35824CAE16DF361800E0A8BE /* bananas.png in Resources */,
				35824CAF16DF361800E0A8BE /* bananas@2x.png in Resources */,
				35824CB016DF361800E0A8BE /* orange.png in Resources */,
				35824CB116DF361800E0A8BE /* orange@2x.png in Resources */,
				35824CB216DF361800E0A8BE /* oranges.png in Resources */,
				35824CB316DF361800E0A8BE /* oranges@2x.png in Resources */,
				35824CB416DF361800E0A8BE /* regular.png in Resources */,
				35824CB516DF361800E0A8BE /* regular@2x.png in Resources */,
			);
			runOnlyForDeploymentPostprocessing = 0;
		};
		350CEFA416D39C2600329D5C /* Resources */ = {
			isa = PBXResourcesBuildPhase;
			buildActionMask = 2147483647;
			files = (
				350CEFB316D39C2600329D5C /* InfoPlist.strings in Resources */,
			);
			runOnlyForDeploymentPostprocessing = 0;
		};
/* End PBXResourcesBuildPhase section */

/* Begin PBXShellScriptBuildPhase section */
		350CEFA516D39C2600329D5C /* ShellScript */ = {
			isa = PBXShellScriptBuildPhase;
			buildActionMask = 2147483647;
			files = (
			);
			inputPaths = (
			);
			outputPaths = (
			);
			runOnlyForDeploymentPostprocessing = 0;
			shellPath = /bin/sh;
			shellScript = "# Run the unit tests in this test bundle.\n\"${SYSTEM_DEVELOPER_DIR}/Tools/RunUnitTests\"\n";
		};
/* End PBXShellScriptBuildPhase section */

/* Begin PBXSourcesBuildPhase section */
		350CEF6F16D39C2600329D5C /* Sources */ = {
			isa = PBXSourcesBuildPhase;
			buildActionMask = 2147483647;
			files = (
				350CEF8316D39C2600329D5C /* main.m in Sources */,
				350CEF8716D39C2600329D5C /* AppDelegate.m in Sources */,
				358269DC16D3B35000C2F28E /* WeatherStationViewController.m in Sources */,
				358269DF16D3B36B00C2F28E /* AircraftPerformancePlanningViewController.m in Sources */,
				358269E216D3B3A300C2F28E /* MapViewController.m in Sources */,
				358269E516D3B3C700C2F28E /* ContactsViewController.m in Sources */,
				3586375B16D4F0EB007C5E40 /* Airfield.m in Sources */,
				3586375E16D4F4C6007C5E40 /* DBDataController.m in Sources */,
				357F282016DCD61C001697EC /* WebViewController.m in Sources */,
				355B5CEC16DE55F40040D0E2 /* AFCSVRequestOperation.m in Sources */,
				355B5CED16DE55F40040D0E2 /* AFHTTPClient.m in Sources */,
				355B5CEE16DE55F40040D0E2 /* AFHTTPRequestOperation.m in Sources */,
				355B5CEF16DE55F40040D0E2 /* AFImageRequestOperation.m in Sources */,
				355B5CF016DE55F40040D0E2 /* AFJSONRequestOperation.m in Sources */,
				355B5CF116DE55F40040D0E2 /* AFNetworkActivityIndicatorManager.m in Sources */,
				355B5CF216DE55F40040D0E2 /* AFPropertyListRequestOperation.m in Sources */,
				355B5CF316DE55F40040D0E2 /* AFURLConnectionOperation.m in Sources */,
				355B5CF416DE55F40040D0E2 /* AFXMLRequestOperation.m in Sources */,
				355B5CF516DE55F40040D0E2 /* UIImageView+AFNetworking.m in Sources */,
				355B5CF616DE55F40040D0E2 /* CHCSVParser.m in Sources */,
				355B5CF916DE56C80040D0E2 /* WeatherStationTableViewCell.m in Sources */,
			);
			runOnlyForDeploymentPostprocessing = 0;
		};
		350CEFA216D39C2600329D5C /* Sources */ = {
			isa = PBXSourcesBuildPhase;
			buildActionMask = 2147483647;
			files = (
				350CEFB616D39C2600329D5C /* Randers_FlyveklubTests.m in Sources */,
			);
			runOnlyForDeploymentPostprocessing = 0;
		};
/* End PBXSourcesBuildPhase section */

/* Begin PBXTargetDependency section */
		350CEFAD16D39C2600329D5C /* PBXTargetDependency */ = {
			isa = PBXTargetDependency;
			target = 350CEF7216D39C2600329D5C /* Randers Flyveklub */;
			targetProxy = 350CEFAC16D39C2600329D5C /* PBXContainerItemProxy */;
		};
/* End PBXTargetDependency section */

/* Begin PBXVariantGroup section */
		350CEF7F16D39C2600329D5C /* InfoPlist.strings */ = {
			isa = PBXVariantGroup;
			children = (
				350CEF8016D39C2600329D5C /* en */,
			);
			name = InfoPlist.strings;
			sourceTree = "<group>";
		};
		350CEF8E16D39C2600329D5C /* MainStoryboard_iPhone.storyboard */ = {
			isa = PBXVariantGroup;
			children = (
				350CEF8F16D39C2600329D5C /* en */,
			);
			name = MainStoryboard_iPhone.storyboard;
			sourceTree = "<group>";
		};
		350CEF9116D39C2600329D5C /* MainStoryboard_iPad.storyboard */ = {
			isa = PBXVariantGroup;
			children = (
				350CEF9216D39C2600329D5C /* en */,
			);
			name = MainStoryboard_iPad.storyboard;
			sourceTree = "<group>";
		};
		350CEFB116D39C2600329D5C /* InfoPlist.strings */ = {
			isa = PBXVariantGroup;
			children = (
				350CEFB216D39C2600329D5C /* en */,
			);
			name = InfoPlist.strings;
			sourceTree = "<group>";
		};
/* End PBXVariantGroup section */

/* Begin XCBuildConfiguration section */
		350CEFB716D39C2600329D5C /* Debug */ = {
			isa = XCBuildConfiguration;
			buildSettings = {
				ALWAYS_SEARCH_USER_PATHS = NO;
				CLANG_CXX_LANGUAGE_STANDARD = "gnu++0x";
				CLANG_CXX_LIBRARY = "libc++";
				CLANG_ENABLE_OBJC_ARC = YES;
				CLANG_WARN_CONSTANT_CONVERSION = YES;
				CLANG_WARN_EMPTY_BODY = YES;
				CLANG_WARN_ENUM_CONVERSION = YES;
				CLANG_WARN_INT_CONVERSION = YES;
				CLANG_WARN__DUPLICATE_METHOD_MATCH = YES;
				"CODE_SIGN_IDENTITY[sdk=iphoneos*]" = "iPhone Developer";
				COPY_PHASE_STRIP = NO;
				GCC_C_LANGUAGE_STANDARD = gnu99;
				GCC_DYNAMIC_NO_PIC = NO;
				GCC_OPTIMIZATION_LEVEL = 0;
				GCC_PREPROCESSOR_DEFINITIONS = (
					"DEBUG=1",
					"$(inherited)",
				);
				GCC_SYMBOLS_PRIVATE_EXTERN = NO;
				GCC_WARN_ABOUT_RETURN_TYPE = YES;
				GCC_WARN_UNINITIALIZED_AUTOS = YES;
				GCC_WARN_UNUSED_VARIABLE = YES;
				IPHONEOS_DEPLOYMENT_TARGET = 6.1;
				ONLY_ACTIVE_ARCH = YES;
				SDKROOT = iphoneos;
				TARGETED_DEVICE_FAMILY = "1,2";
			};
			name = Debug;
		};
		350CEFB816D39C2600329D5C /* Release */ = {
			isa = XCBuildConfiguration;
			buildSettings = {
				ALWAYS_SEARCH_USER_PATHS = NO;
				CLANG_CXX_LANGUAGE_STANDARD = "gnu++0x";
				CLANG_CXX_LIBRARY = "libc++";
				CLANG_ENABLE_OBJC_ARC = YES;
				CLANG_WARN_CONSTANT_CONVERSION = YES;
				CLANG_WARN_EMPTY_BODY = YES;
				CLANG_WARN_ENUM_CONVERSION = YES;
				CLANG_WARN_INT_CONVERSION = YES;
				CLANG_WARN__DUPLICATE_METHOD_MATCH = YES;
				"CODE_SIGN_IDENTITY[sdk=iphoneos*]" = "iPhone Developer";
				COPY_PHASE_STRIP = YES;
				GCC_C_LANGUAGE_STANDARD = gnu99;
				GCC_WARN_ABOUT_RETURN_TYPE = YES;
				GCC_WARN_UNINITIALIZED_AUTOS = YES;
				GCC_WARN_UNUSED_VARIABLE = YES;
				IPHONEOS_DEPLOYMENT_TARGET = 6.1;
				OTHER_CFLAGS = "-DNS_BLOCK_ASSERTIONS=1";
				SDKROOT = iphoneos;
				TARGETED_DEVICE_FAMILY = "1,2";
				VALIDATE_PRODUCT = YES;
			};
			name = Release;
		};
		350CEFBA16D39C2600329D5C /* Debug */ = {
			isa = XCBuildConfiguration;
			buildSettings = {
				GCC_PRECOMPILE_PREFIX_HEADER = YES;
				GCC_PREFIX_HEADER = "Randers Flyveklub/Randers Flyveklub-Prefix.pch";
				INFOPLIST_FILE = "Randers Flyveklub/Randers Flyveklub-Info.plist";
				PRODUCT_NAME = "$(TARGET_NAME)";
				WRAPPER_EXTENSION = app;
			};
			name = Debug;
		};
		350CEFBB16D39C2600329D5C /* Release */ = {
			isa = XCBuildConfiguration;
			buildSettings = {
				GCC_PRECOMPILE_PREFIX_HEADER = YES;
				GCC_PREFIX_HEADER = "Randers Flyveklub/Randers Flyveklub-Prefix.pch";
				INFOPLIST_FILE = "Randers Flyveklub/Randers Flyveklub-Info.plist";
				PRODUCT_NAME = "$(TARGET_NAME)";
				WRAPPER_EXTENSION = app;
			};
			name = Release;
		};
		350CEFBD16D39C2600329D5C /* Debug */ = {
			isa = XCBuildConfiguration;
			buildSettings = {
				BUNDLE_LOADER = "$(BUILT_PRODUCTS_DIR)/Randers Flyveklub.app/Randers Flyveklub";
				FRAMEWORK_SEARCH_PATHS = (
					"\"$(SDKROOT)/Developer/Library/Frameworks\"",
					"\"$(DEVELOPER_LIBRARY_DIR)/Frameworks\"",
				);
				GCC_PRECOMPILE_PREFIX_HEADER = YES;
				GCC_PREFIX_HEADER = "Randers Flyveklub/Randers Flyveklub-Prefix.pch";
				INFOPLIST_FILE = "Randers FlyveklubTests/Randers FlyveklubTests-Info.plist";
				PRODUCT_NAME = "$(TARGET_NAME)";
				TEST_HOST = "$(BUNDLE_LOADER)";
				WRAPPER_EXTENSION = octest;
			};
			name = Debug;
		};
		350CEFBE16D39C2600329D5C /* Release */ = {
			isa = XCBuildConfiguration;
			buildSettings = {
				BUNDLE_LOADER = "$(BUILT_PRODUCTS_DIR)/Randers Flyveklub.app/Randers Flyveklub";
				FRAMEWORK_SEARCH_PATHS = (
					"\"$(SDKROOT)/Developer/Library/Frameworks\"",
					"\"$(DEVELOPER_LIBRARY_DIR)/Frameworks\"",
				);
				GCC_PRECOMPILE_PREFIX_HEADER = YES;
				GCC_PREFIX_HEADER = "Randers Flyveklub/Randers Flyveklub-Prefix.pch";
				INFOPLIST_FILE = "Randers FlyveklubTests/Randers FlyveklubTests-Info.plist";
				PRODUCT_NAME = "$(TARGET_NAME)";
				TEST_HOST = "$(BUNDLE_LOADER)";
				WRAPPER_EXTENSION = octest;
			};
			name = Release;
		};
/* End XCBuildConfiguration section */

/* Begin XCConfigurationList section */
		350CEF6E16D39C2600329D5C /* Build configuration list for PBXProject "Randers Flyveklub" */ = {
			isa = XCConfigurationList;
			buildConfigurations = (
				350CEFB716D39C2600329D5C /* Debug */,
				350CEFB816D39C2600329D5C /* Release */,
			);
			defaultConfigurationIsVisible = 0;
			defaultConfigurationName = Release;
		};
		350CEFB916D39C2600329D5C /* Build configuration list for PBXNativeTarget "Randers Flyveklub" */ = {
			isa = XCConfigurationList;
			buildConfigurations = (
				350CEFBA16D39C2600329D5C /* Debug */,
				350CEFBB16D39C2600329D5C /* Release */,
			);
			defaultConfigurationIsVisible = 0;
			defaultConfigurationName = Release;
		};
		350CEFBC16D39C2600329D5C /* Build configuration list for PBXNativeTarget "Randers FlyveklubTests" */ = {
			isa = XCConfigurationList;
			buildConfigurations = (
				350CEFBD16D39C2600329D5C /* Debug */,
				350CEFBE16D39C2600329D5C /* Release */,
			);
			defaultConfigurationIsVisible = 0;
			defaultConfigurationName = Release;
		};
/* End XCConfigurationList section */
	};
	rootObject = 350CEF6B16D39C2600329D5C /* Project object */;
}
